
Microsoft Visual Studio Solution File, Format Version 11.00
# Visual Studio 2010
Project("{FAE04EC0-301F-11D3-BF4B-00C04F79EFBC}") = "ResponsiPemograman2762", "ResponsiPemograman2762\ResponsiPemograman2762.csproj", "{040602E5-24FD-44D1-8AFB-B04D27676E25}"
EndProject
Global
	GlobalSection(SolutionConfigurationPlatforms) = preSolution
		Debug|x86 = Debug|x86
		Release|x86 = Release|x86
	EndGlobalSection
	GlobalSection(ProjectConfigurationPlatforms) = postSolution
		{040602E5-24FD-44D1-8AFB-B04D27676E25}.Debug|x86.ActiveCfg = Debug|x86
		{040602E5-24FD-44D1-8AFB-B04D27676E25}.Debug|x86.Build.0 = Debug|x86
		{040602E5-24FD-44D1-8AFB-B04D27676E25}.Release|x86.ActiveCfg = Release|x86
		{040602E5-24FD-44D1-8AFB-B04D27676E25}.Release|x86.Build.0 = Release|x86
	EndGlobalSection
	GlobalSection(SolutionProperties) = preSolution
		HideSolutionNode = FALSE
	EndGlobalSection
EndGlobal
